// !$*UTF8*$!
{
	archiveVersion = 1;
	classes = {
	};
	objectVersion = 50;
	objects = {

/* Begin PBXBuildFile section */
		596D97FBB375CDB7DC4F21C2 /* Pods_FlixUITests.framework in Frameworks */ = {isa = PBXBuildFile; fileRef = DFB006DFC4D88C2D2E25DCA2 /* Pods_FlixUITests.framework */; };
		96D366BEEEB524A702BD4520 /* Pods_Flix.framework in Frameworks */ = {isa = PBXBuildFile; fileRef = 85DC66542AF8C2670FDA3BF5 /* Pods_Flix.framework */; };
		BD8AC00A216C20370010FF31 /* DetailViewController.swift in Sources */ = {isa = PBXBuildFile; fileRef = BD8AC009216C20370010FF31 /* DetailViewController.swift */; };
		CC888087B370A06082AD42CD /* Pods_FlixTests.framework in Frameworks */ = {isa = PBXBuildFile; fileRef = 8B310CB7F0169968E33E706B /* Pods_FlixTests.framework */; };
		F544F66A2161887E00A68ED4 /* LaunchScreen.storyboard in Resources */ = {isa = PBXBuildFile; fileRef = F5F2B2CF215AE577008018C2 /* LaunchScreen.storyboard */; };
		F544F66C2161901100A68ED4 /* NowPlayingViewController.swift in Sources */ = {isa = PBXBuildFile; fileRef = F544F66B2161901100A68ED4 /* NowPlayingViewController.swift */; };
		F544F66E2161B13B00A68ED4 /* MovieCell.swift in Sources */ = {isa = PBXBuildFile; fileRef = F544F66D2161B13B00A68ED4 /* MovieCell.swift */; };
		F5F2B2C7215AE575008018C2 /* AppDelegate.swift in Sources */ = {isa = PBXBuildFile; fileRef = F5F2B2C6215AE575008018C2 /* AppDelegate.swift */; };
		F5F2B2CC215AE575008018C2 /* Main.storyboard in Resources */ = {isa = PBXBuildFile; fileRef = F5F2B2CA215AE575008018C2 /* Main.storyboard */; };
		F5F2B2CE215AE577008018C2 /* Assets.xcassets in Resources */ = {isa = PBXBuildFile; fileRef = F5F2B2CD215AE577008018C2 /* Assets.xcassets */; };
		F5F2B2DC215AE577008018C2 /* FlixTests.swift in Sources */ = {isa = PBXBuildFile; fileRef = F5F2B2DB215AE577008018C2 /* FlixTests.swift */; };
		F5F2B2E7215AE577008018C2 /* FlixUITests.swift in Sources */ = {isa = PBXBuildFile; fileRef = F5F2B2E6215AE577008018C2 /* FlixUITests.swift */; };
/* End PBXBuildFile section */

/* Begin PBXContainerItemProxy section */
		F5F2B2D8215AE577008018C2 /* PBXContainerItemProxy */ = {
			isa = PBXContainerItemProxy;
			containerPortal = F5F2B2BB215AE575008018C2 /* Project object */;
			proxyType = 1;
			remoteGlobalIDString = F5F2B2C2215AE575008018C2;
			remoteInfo = Flix;
		};
		F5F2B2E3215AE577008018C2 /* PBXContainerItemProxy */ = {
			isa = PBXContainerItemProxy;
			containerPortal = F5F2B2BB215AE575008018C2 /* Project object */;
			proxyType = 1;
			remoteGlobalIDString = F5F2B2C2215AE575008018C2;
			remoteInfo = Flix;
		};
/* End PBXContainerItemProxy section */

/* Begin PBXFileReference section */
		090BE4F9AA0E177087A2F57D /* Pods-Flix.release.xcconfig */ = {isa = PBXFileReference; includeInIndex = 1; lastKnownFileType = text.xcconfig; name = "Pods-Flix.release.xcconfig"; path = "Pods/Target Support Files/Pods-Flix/Pods-Flix.release.xcconfig"; sourceTree = "<group>"; };
		45500A2220F85AEEFC29526F /* Pods-Flix.debug.xcconfig */ = {isa = PBXFileReference; includeInIndex = 1; lastKnownFileType = text.xcconfig; name = "Pods-Flix.debug.xcconfig"; path = "Pods/Target Support Files/Pods-Flix/Pods-Flix.debug.xcconfig"; sourceTree = "<group>"; };
		4CDD2B7DDBE59136C8FCF2AF /* Pods-FlixUITests.release.xcconfig */ = {isa = PBXFileReference; includeInIndex = 1; lastKnownFileType = text.xcconfig; name = "Pods-FlixUITests.release.xcconfig"; path = "Pods/Target Support Files/Pods-FlixUITests/Pods-FlixUITests.release.xcconfig"; sourceTree = "<group>"; };
		53976F4839DE995354EAF65A /* Pods-FlixTests.release.xcconfig */ = {isa = PBXFileReference; includeInIndex = 1; lastKnownFileType = text.xcconfig; name = "Pods-FlixTests.release.xcconfig"; path = "Pods/Target Support Files/Pods-FlixTests/Pods-FlixTests.release.xcconfig"; sourceTree = "<group>"; };
		56A0DAC4B0385D9081915D64 /* Pods-FlixTests.debug.xcconfig */ = {isa = PBXFileReference; includeInIndex = 1; lastKnownFileType = text.xcconfig; name = "Pods-FlixTests.debug.xcconfig"; path = "Pods/Target Support Files/Pods-FlixTests/Pods-FlixTests.debug.xcconfig"; sourceTree = "<group>"; };
		85DC66542AF8C2670FDA3BF5 /* Pods_Flix.framework */ = {isa = PBXFileReference; explicitFileType = wrapper.framework; includeInIndex = 0; path = Pods_Flix.framework; sourceTree = BUILT_PRODUCTS_DIR; };
		8B310CB7F0169968E33E706B /* Pods_FlixTests.framework */ = {isa = PBXFileReference; explicitFileType = wrapper.framework; includeInIndex = 0; path = Pods_FlixTests.framework; sourceTree = BUILT_PRODUCTS_DIR; };
		BD8AC009216C20370010FF31 /* DetailViewController.swift */ = {isa = PBXFileReference; lastKnownFileType = sourcecode.swift; path = DetailViewController.swift; sourceTree = "<group>"; };
		DFB006DFC4D88C2D2E25DCA2 /* Pods_FlixUITests.framework */ = {isa = PBXFileReference; explicitFileType = wrapper.framework; includeInIndex = 0; path = Pods_FlixUITests.framework; sourceTree = BUILT_PRODUCTS_DIR; };
		EF9CB937ECC8C86BD9461CAD /* Pods-FlixUITests.debug.xcconfig */ = {isa = PBXFileReference; includeInIndex = 1; lastKnownFileType = text.xcconfig; name = "Pods-FlixUITests.debug.xcconfig"; path = "Pods/Target Support Files/Pods-FlixUITests/Pods-FlixUITests.debug.xcconfig"; sourceTree = "<group>"; };
		F544F66B2161901100A68ED4 /* NowPlayingViewController.swift */ = {isa = PBXFileReference; lastKnownFileType = sourcecode.swift; path = NowPlayingViewController.swift; sourceTree = "<group>"; };
		F544F66D2161B13B00A68ED4 /* MovieCell.swift */ = {isa = PBXFileReference; lastKnownFileType = sourcecode.swift; path = MovieCell.swift; sourceTree = "<group>"; };
		F5F2B2C3215AE575008018C2 /* Flix.app */ = {isa = PBXFileReference; explicitFileType = wrapper.application; includeInIndex = 0; path = Flix.app; sourceTree = BUILT_PRODUCTS_DIR; };
		F5F2B2C6215AE575008018C2 /* AppDelegate.swift */ = {isa = PBXFileReference; lastKnownFileType = sourcecode.swift; path = AppDelegate.swift; sourceTree = "<group>"; };
		F5F2B2CB215AE575008018C2 /* Base */ = {isa = PBXFileReference; lastKnownFileType = file.storyboard; name = Base; path = Base.lproj/Main.storyboard; sourceTree = "<group>"; };
		F5F2B2CD215AE577008018C2 /* Assets.xcassets */ = {isa = PBXFileReference; lastKnownFileType = folder.assetcatalog; path = Assets.xcassets; sourceTree = "<group>"; };
		F5F2B2D0215AE577008018C2 /* Base */ = {isa = PBXFileReference; lastKnownFileType = file.storyboard; name = Base; path = Base.lproj/LaunchScreen.storyboard; sourceTree = "<group>"; };
		F5F2B2D2215AE577008018C2 /* Info.plist */ = {isa = PBXFileReference; lastKnownFileType = text.plist.xml; path = Info.plist; sourceTree = "<group>"; };
		F5F2B2D7215AE577008018C2 /* FlixTests.xctest */ = {isa = PBXFileReference; explicitFileType = wrapper.cfbundle; includeInIndex = 0; path = FlixTests.xctest; sourceTree = BUILT_PRODUCTS_DIR; };
		F5F2B2DB215AE577008018C2 /* FlixTests.swift */ = {isa = PBXFileReference; lastKnownFileType = sourcecode.swift; path = FlixTests.swift; sourceTree = "<group>"; };
		F5F2B2DD215AE577008018C2 /* Info.plist */ = {isa = PBXFileReference; lastKnownFileType = text.plist.xml; path = Info.plist; sourceTree = "<group>"; };
		F5F2B2E2215AE577008018C2 /* FlixUITests.xctest */ = {isa = PBXFileReference; explicitFileType = wrapper.cfbundle; includeInIndex = 0; path = FlixUITests.xctest; sourceTree = BUILT_PRODUCTS_DIR; };
		F5F2B2E6215AE577008018C2 /* FlixUITests.swift */ = {isa = PBXFileReference; lastKnownFileType = sourcecode.swift; path = FlixUITests.swift; sourceTree = "<group>"; };
		F5F2B2E8215AE577008018C2 /* Info.plist */ = {isa = PBXFileReference; lastKnownFileType = text.plist.xml; path = Info.plist; sourceTree = "<group>"; };
/* End PBXFileReference section */

/* Begin PBXFrameworksBuildPhase section */
		F5F2B2C0215AE575008018C2 /* Frameworks */ = {
			isa = PBXFrameworksBuildPhase;
			buildActionMask = 2147483647;
			files = (
				96D366BEEEB524A702BD4520 /* Pods_Flix.framework in Frameworks */,
			);
			runOnlyForDeploymentPostprocessing = 0;
		};
		F5F2B2D4215AE577008018C2 /* Frameworks */ = {
			isa = PBXFrameworksBuildPhase;
			buildActionMask = 2147483647;
			files = (
				CC888087B370A06082AD42CD /* Pods_FlixTests.framework in Frameworks */,
			);
			runOnlyForDeploymentPostprocessing = 0;
		};
		F5F2B2DF215AE577008018C2 /* Frameworks */ = {
			isa = PBXFrameworksBuildPhase;
			buildActionMask = 2147483647;
			files = (
				596D97FBB375CDB7DC4F21C2 /* Pods_FlixUITests.framework in Frameworks */,
			);
			runOnlyForDeploymentPostprocessing = 0;
		};
/* End PBXFrameworksBuildPhase section */

/* Begin PBXGroup section */
		39C327B4C12B3AC5E5364D58 /* Pods */ = {
			isa = PBXGroup;
			children = (
				45500A2220F85AEEFC29526F /* Pods-Flix.debug.xcconfig */,
				090BE4F9AA0E177087A2F57D /* Pods-Flix.release.xcconfig */,
				56A0DAC4B0385D9081915D64 /* Pods-FlixTests.debug.xcconfig */,
				53976F4839DE995354EAF65A /* Pods-FlixTests.release.xcconfig */,
				EF9CB937ECC8C86BD9461CAD /* Pods-FlixUITests.debug.xcconfig */,
				4CDD2B7DDBE59136C8FCF2AF /* Pods-FlixUITests.release.xcconfig */,
			);
			name = Pods;
			sourceTree = "<group>";
		};
		A5072037952C03C3B940C191 /* Frameworks */ = {
			isa = PBXGroup;
			children = (
				85DC66542AF8C2670FDA3BF5 /* Pods_Flix.framework */,
				8B310CB7F0169968E33E706B /* Pods_FlixTests.framework */,
				DFB006DFC4D88C2D2E25DCA2 /* Pods_FlixUITests.framework */,
			);
			name = Frameworks;
			sourceTree = "<group>";
		};
		BD8AC007216C1F870010FF31 /* Views */ = {
			isa = PBXGroup;
			children = (
				F544F66D2161B13B00A68ED4 /* MovieCell.swift */,
			);
			path = Views;
			sourceTree = "<group>";
		};
		BD8AC008216C1FAA0010FF31 /* ViewControllers */ = {
			isa = PBXGroup;
			children = (
				F544F66B2161901100A68ED4 /* NowPlayingViewController.swift */,
				BD8AC009216C20370010FF31 /* DetailViewController.swift */,
			);
			path = ViewControllers;
			sourceTree = "<group>";
		};
		F5F2B2BA215AE575008018C2 = {
			isa = PBXGroup;
			children = (
				F5F2B2C5215AE575008018C2 /* Flix */,
				F5F2B2DA215AE577008018C2 /* FlixTests */,
				F5F2B2E5215AE577008018C2 /* FlixUITests */,
				F5F2B2C4215AE575008018C2 /* Products */,
				39C327B4C12B3AC5E5364D58 /* Pods */,
				A5072037952C03C3B940C191 /* Frameworks */,
			);
			sourceTree = "<group>";
		};
		F5F2B2C4215AE575008018C2 /* Products */ = {
			isa = PBXGroup;
			children = (
				F5F2B2C3215AE575008018C2 /* Flix.app */,
				F5F2B2D7215AE577008018C2 /* FlixTests.xctest */,
				F5F2B2E2215AE577008018C2 /* FlixUITests.xctest */,
			);
			name = Products;
			sourceTree = "<group>";
		};
		F5F2B2C5215AE575008018C2 /* Flix */ = {
			isa = PBXGroup;
			children = (
				BD8AC008216C1FAA0010FF31 /* ViewControllers */,
				BD8AC007216C1F870010FF31 /* Views */,
				F5F2B2C6215AE575008018C2 /* AppDelegate.swift */,
				F5F2B2CA215AE575008018C2 /* Main.storyboard */,
				F5F2B2CD215AE577008018C2 /* Assets.xcassets */,
				F5F2B2CF215AE577008018C2 /* LaunchScreen.storyboard */,
				F5F2B2D2215AE577008018C2 /* Info.plist */,
			);
			path = Flix;
			sourceTree = "<group>";
		};
		F5F2B2DA215AE577008018C2 /* FlixTests */ = {
			isa = PBXGroup;
			children = (
				F5F2B2DB215AE577008018C2 /* FlixTests.swift */,
				F5F2B2DD215AE577008018C2 /* Info.plist */,
			);
			path = FlixTests;
			sourceTree = "<group>";
		};
		F5F2B2E5215AE577008018C2 /* FlixUITests */ = {
			isa = PBXGroup;
			children = (
				F5F2B2E6215AE577008018C2 /* FlixUITests.swift */,
				F5F2B2E8215AE577008018C2 /* Info.plist */,
			);
			path = FlixUITests;
			sourceTree = "<group>";
		};
/* End PBXGroup section */

/* Begin PBXNativeTarget section */
		F5F2B2C2215AE575008018C2 /* Flix */ = {
			isa = PBXNativeTarget;
			buildConfigurationList = F5F2B2EB215AE577008018C2 /* Build configuration list for PBXNativeTarget "Flix" */;
			buildPhases = (
				DCB4493AD248736D5EBA31A2 /* [CP] Check Pods Manifest.lock */,
				F5F2B2BF215AE575008018C2 /* Sources */,
				F5F2B2C0215AE575008018C2 /* Frameworks */,
				F5F2B2C1215AE575008018C2 /* Resources */,
				C2E49E0B65A82FA1F10D8B7E /* [CP] Embed Pods Frameworks */,
			);
			buildRules = (
			);
			dependencies = (
			);
			name = Flix;
			productName = Flix;
			productReference = F5F2B2C3215AE575008018C2 /* Flix.app */;
			productType = "com.apple.product-type.application";
		};
		F5F2B2D6215AE577008018C2 /* FlixTests */ = {
			isa = PBXNativeTarget;
			buildConfigurationList = F5F2B2EE215AE577008018C2 /* Build configuration list for PBXNativeTarget "FlixTests" */;
			buildPhases = (
				8A6D00D2F247D78178A2E1B9 /* [CP] Check Pods Manifest.lock */,
				F5F2B2D3215AE577008018C2 /* Sources */,
				F5F2B2D4215AE577008018C2 /* Frameworks */,
				F5F2B2D5215AE577008018C2 /* Resources */,
			);
			buildRules = (
			);
			dependencies = (
				F5F2B2D9215AE577008018C2 /* PBXTargetDependency */,
			);
			name = FlixTests;
			productName = FlixTests;
			productReference = F5F2B2D7215AE577008018C2 /* FlixTests.xctest */;
			productType = "com.apple.product-type.bundle.unit-test";
		};
		F5F2B2E1215AE577008018C2 /* FlixUITests */ = {
			isa = PBXNativeTarget;
			buildConfigurationList = F5F2B2F1215AE577008018C2 /* Build configuration list for PBXNativeTarget "FlixUITests" */;
			buildPhases = (
				2CE5A4FBD939F78FC716230E /* [CP] Check Pods Manifest.lock */,
				F5F2B2DE215AE577008018C2 /* Sources */,
				F5F2B2DF215AE577008018C2 /* Frameworks */,
				F5F2B2E0215AE577008018C2 /* Resources */,
			);
			buildRules = (
			);
			dependencies = (
				F5F2B2E4215AE577008018C2 /* PBXTargetDependency */,
			);
			name = FlixUITests;
			productName = FlixUITests;
			productReference = F5F2B2E2215AE577008018C2 /* FlixUITests.xctest */;
			productType = "com.apple.product-type.bundle.ui-testing";
		};
/* End PBXNativeTarget section */

/* Begin PBXProject section */
		F5F2B2BB215AE575008018C2 /* Project object */ = {
			isa = PBXProject;
			attributes = {
				LastSwiftUpdateCheck = 0940;
				LastUpgradeCheck = 0940;
				ORGANIZATIONNAME = "Arslan Saeed";
				TargetAttributes = {
					F5F2B2C2215AE575008018C2 = {
						CreatedOnToolsVersion = 9.4.1;
					};
					F5F2B2D6215AE577008018C2 = {
						CreatedOnToolsVersion = 9.4.1;
						TestTargetID = F5F2B2C2215AE575008018C2;
					};
					F5F2B2E1215AE577008018C2 = {
						CreatedOnToolsVersion = 9.4.1;
						TestTargetID = F5F2B2C2215AE575008018C2;
					};
				};
			};
			buildConfigurationList = F5F2B2BE215AE575008018C2 /* Build configuration list for PBXProject "Flix" */;
			compatibilityVersion = "Xcode 9.3";
			developmentRegion = en;
			hasScannedForEncodings = 0;
			knownRegions = (
				en,
				Base,
			);
			mainGroup = F5F2B2BA215AE575008018C2;
			productRefGroup = F5F2B2C4215AE575008018C2 /* Products */;
			projectDirPath = "";
			projectRoot = "";
			targets = (
				F5F2B2C2215AE575008018C2 /* Flix */,
				F5F2B2D6215AE577008018C2 /* FlixTests */,
				F5F2B2E1215AE577008018C2 /* FlixUITests */,
			);
		};
/* End PBXProject section */

/* Begin PBXResourcesBuildPhase section */
		F5F2B2C1215AE575008018C2 /* Resources */ = {
			isa = PBXResourcesBuildPhase;
			buildActionMask = 2147483647;
			files = (
				F544F66A2161887E00A68ED4 /* LaunchScreen.storyboard in Resources */,
				F5F2B2CE215AE577008018C2 /* Assets.xcassets in Resources */,
				F5F2B2CC215AE575008018C2 /* Main.storyboard in Resources */,
			);
			runOnlyForDeploymentPostprocessing = 0;
		};
		F5F2B2D5215AE577008018C2 /* Resources */ = {
			isa = PBXResourcesBuildPhase;
			buildActionMask = 2147483647;
			files = (
			);
			runOnlyForDeploymentPostprocessing = 0;
		};
		F5F2B2E0215AE577008018C2 /* Resources */ = {
			isa = PBXResourcesBuildPhase;
			buildActionMask = 2147483647;
			files = (
			);
			runOnlyForDeploymentPostprocessing = 0;
		};
/* End PBXResourcesBuildPhase section */

/* Begin PBXShellScriptBuildPhase section */
		2CE5A4FBD939F78FC716230E /* [CP] Check Pods Manifest.lock */ = {
			isa = PBXShellScriptBuildPhase;
			buildActionMask = 2147483647;
			files = (
			);
			inputPaths = (
				"${PODS_PODFILE_DIR_PATH}/Podfile.lock",
				"${PODS_ROOT}/Manifest.lock",
			);
			name = "[CP] Check Pods Manifest.lock";
			outputPaths = (
				"$(DERIVED_FILE_DIR)/Pods-FlixUITests-checkManifestLockResult.txt",
			);
			runOnlyForDeploymentPostprocessing = 0;
			shellPath = /bin/sh;
			shellScript = "diff \"${PODS_PODFILE_DIR_PATH}/Podfile.lock\" \"${PODS_ROOT}/Manifest.lock\" > /dev/null\nif [ $? != 0 ] ; then\n    # print error to STDERR\n    echo \"error: The sandbox is not in sync with the Podfile.lock. Run 'pod install' or update your CocoaPods installation.\" >&2\n    exit 1\nfi\n# This output is used by Xcode 'outputs' to avoid re-running this script phase.\necho \"SUCCESS\" > \"${SCRIPT_OUTPUT_FILE_0}\"\n";
			showEnvVarsInLog = 0;
		};
		8A6D00D2F247D78178A2E1B9 /* [CP] Check Pods Manifest.lock */ = {
			isa = PBXShellScriptBuildPhase;
			buildActionMask = 2147483647;
			files = (
			);
			inputPaths = (
				"${PODS_PODFILE_DIR_PATH}/Podfile.lock",
				"${PODS_ROOT}/Manifest.lock",
			);
			name = "[CP] Check Pods Manifest.lock";
			outputPaths = (
				"$(DERIVED_FILE_DIR)/Pods-FlixTests-checkManifestLockResult.txt",
			);
			runOnlyForDeploymentPostprocessing = 0;
			shellPath = /bin/sh;
			shellScript = "diff \"${PODS_PODFILE_DIR_PATH}/Podfile.lock\" \"${PODS_ROOT}/Manifest.lock\" > /dev/null\nif [ $? != 0 ] ; then\n    # print error to STDERR\n    echo \"error: The sandbox is not in sync with the Podfile.lock. Run 'pod install' or update your CocoaPods installation.\" >&2\n    exit 1\nfi\n# This output is used by Xcode 'outputs' to avoid re-running this script phase.\necho \"SUCCESS\" > \"${SCRIPT_OUTPUT_FILE_0}\"\n";
			showEnvVarsInLog = 0;
		};
		C2E49E0B65A82FA1F10D8B7E /* [CP] Embed Pods Frameworks */ = {
			isa = PBXShellScriptBuildPhase;
			buildActionMask = 2147483647;
			files = (
			);
			inputPaths = (
				"${SRCROOT}/Pods/Target Support Files/Pods-Flix/Pods-Flix-frameworks.sh",
				"${BUILT_PRODUCTS_DIR}/Alamofire/Alamofire.framework",
				"${BUILT_PRODUCTS_DIR}/AlamofireImage/AlamofireImage.framework",
			);
			name = "[CP] Embed Pods Frameworks";
			outputPaths = (
				"${TARGET_BUILD_DIR}/${FRAMEWORKS_FOLDER_PATH}/Alamofire.framework",
				"${TARGET_BUILD_DIR}/${FRAMEWORKS_FOLDER_PATH}/AlamofireImage.framework",
			);
			runOnlyForDeploymentPostprocessing = 0;
			shellPath = /bin/sh;
			shellScript = "\"${SRCROOT}/Pods/Target Support Files/Pods-Flix/Pods-Flix-frameworks.sh\"\n";
			showEnvVarsInLog = 0;
		};
		DCB4493AD248736D5EBA31A2 /* [CP] Check Pods Manifest.lock */ = {
			isa = PBXShellScriptBuildPhase;
			buildActionMask = 2147483647;
			files = (
			);
			inputPaths = (
				"${PODS_PODFILE_DIR_PATH}/Podfile.lock",
				"${PODS_ROOT}/Manifest.lock",
			);
			name = "[CP] Check Pods Manifest.lock";
			outputPaths = (
				"$(DERIVED_FILE_DIR)/Pods-Flix-checkManifestLockResult.txt",
			);
			runOnlyForDeploymentPostprocessing = 0;
			shellPath = /bin/sh;
			shellScript = "diff \"${PODS_PODFILE_DIR_PATH}/Podfile.lock\" \"${PODS_ROOT}/Manifest.lock\" > /dev/null\nif [ $? != 0 ] ; then\n    # print error to STDERR\n    echo \"error: The sandbox is not in sync with the Podfile.lock. Run 'pod install' or update your CocoaPods installation.\" >&2\n    exit 1\nfi\n# This output is used by Xcode 'outputs' to avoid re-running this script phase.\necho \"SUCCESS\" > \"${SCRIPT_OUTPUT_FILE_0}\"\n";
			showEnvVarsInLog = 0;
		};
/* End PBXShellScriptBuildPhase section */

/* Begin PBXSourcesBuildPhase section */
		F5F2B2BF215AE575008018C2 /* Sources */ = {
			isa = PBXSourcesBuildPhase;
			buildActionMask = 2147483647;
			files = (
				F544F66C2161901100A68ED4 /* NowPlayingViewController.swift in Sources */,
				F5F2B2C7215AE575008018C2 /* AppDelegate.swift in Sources */,
				F544F66E2161B13B00A68ED4 /* MovieCell.swift in Sources */,
				BD8AC00A216C20370010FF31 /* DetailViewController.swift in Sources */,
			);
			runOnlyForDeploymentPostprocessing = 0;
		};
		F5F2B2D3215AE577008018C2 /* Sources */ = {
			isa = PBXSourcesBuildPhase;
			buildActionMask = 2147483647;
			files = (
				F5F2B2DC215AE577008018C2 /* FlixTests.swift in Sources */,
			);
			runOnlyForDeploymentPostprocessing = 0;
		};
		F5F2B2DE215AE577008018C2 /* Sources */ = {
			isa = PBXSourcesBuildPhase;
			buildActionMask = 2147483647;
			files = (
				F5F2B2E7215AE577008018C2 /* FlixUITests.swift in Sources */,
			);
			runOnlyForDeploymentPostprocessing = 0;
		};
/* End PBXSourcesBuildPhase section */

/* Begin PBXTargetDependency section */
		F5F2B2D9215AE577008018C2 /* PBXTargetDependency */ = {
			isa = PBXTargetDependency;
			target = F5F2B2C2215AE575008018C2 /* Flix */;
			targetProxy = F5F2B2D8215AE577008018C2 /* PBXContainerItemProxy */;
		};
		F5F2B2E4215AE577008018C2 /* PBXTargetDependency */ = {
			isa = PBXTargetDependency;
			target = F5F2B2C2215AE575008018C2 /* Flix */;
			targetProxy = F5F2B2E3215AE577008018C2 /* PBXContainerItemProxy */;
		};
/* End PBXTargetDependency section */

/* Begin PBXVariantGroup section */
		F5F2B2CA215AE575008018C2 /* Main.storyboard */ = {
			isa = PBXVariantGroup;
			children = (
				F5F2B2CB215AE575008018C2 /* Base */,
			);
			name = Main.storyboard;
			sourceTree = "<group>";
		};
		F5F2B2CF215AE577008018C2 /* LaunchScreen.storyboard */ = {
			isa = PBXVariantGroup;
			children = (
				F5F2B2D0215AE577008018C2 /* Base */,
			);
			name = LaunchScreen.storyboard;
			sourceTree = "<group>";
		};
/* End PBXVariantGroup section */

/* Begin XCBuildConfiguration section */
		F5F2B2E9215AE577008018C2 /* Debug */ = {
			isa = XCBuildConfiguration;
			buildSettings = {
				ALWAYS_SEARCH_USER_PATHS = NO;
				CLANG_ANALYZER_NONNULL = YES;
				CLANG_ANALYZER_NUMBER_OBJECT_CONVERSION = YES_AGGRESSIVE;
				CLANG_CXX_LANGUAGE_STANDARD = "gnu++14";
				CLANG_CXX_LIBRARY = "libc++";
				CLANG_ENABLE_MODULES = YES;
				CLANG_ENABLE_OBJC_ARC = YES;
				CLANG_ENABLE_OBJC_WEAK = YES;
				CLANG_WARN_BLOCK_CAPTURE_AUTORELEASING = YES;
				CLANG_WARN_BOOL_CONVERSION = YES;
				CLANG_WARN_COMMA = YES;
				CLANG_WARN_CONSTANT_CONVERSION = YES;
				CLANG_WARN_DEPRECATED_OBJC_IMPLEMENTATIONS = YES;
				CLANG_WARN_DIRECT_OBJC_ISA_USAGE = YES_ERROR;
				CLANG_WARN_DOCUMENTATION_COMMENTS = YES;
				CLANG_WARN_EMPTY_BODY = YES;
				CLANG_WARN_ENUM_CONVERSION = YES;
				CLANG_WARN_INFINITE_RECURSION = YES;
				CLANG_WARN_INT_CONVERSION = YES;
				CLANG_WARN_NON_LITERAL_NULL_CONVERSION = YES;
				CLANG_WARN_OBJC_IMPLICIT_RETAIN_SELF = YES;
				CLANG_WARN_OBJC_LITERAL_CONVERSION = YES;
				CLANG_WARN_OBJC_ROOT_CLASS = YES_ERROR;
				CLANG_WARN_RANGE_LOOP_ANALYSIS = YES;
				CLANG_WARN_STRICT_PROTOTYPES = YES;
				CLANG_WARN_SUSPICIOUS_MOVE = YES;
				CLANG_WARN_UNGUARDED_AVAILABILITY = YES_AGGRESSIVE;
				CLANG_WARN_UNREACHABLE_CODE = YES;
				CLANG_WARN__DUPLICATE_METHOD_MATCH = YES;
				CODE_SIGN_IDENTITY = "iPhone Developer";
				COPY_PHASE_STRIP = NO;
				DEBUG_INFORMATION_FORMAT = dwarf;
				ENABLE_STRICT_OBJC_MSGSEND = YES;
				ENABLE_TESTABILITY = YES;
				GCC_C_LANGUAGE_STANDARD = gnu11;
				GCC_DYNAMIC_NO_PIC = NO;
				GCC_NO_COMMON_BLOCKS = YES;
				GCC_OPTIMIZATION_LEVEL = 0;
				GCC_PREPROCESSOR_DEFINITIONS = (
					"DEBUG=1",
					"$(inherited)",
				);
				GCC_WARN_64_TO_32_BIT_CONVERSION = YES;
				GCC_WARN_ABOUT_RETURN_TYPE = YES_ERROR;
				GCC_WARN_UNDECLARED_SELECTOR = YES;
				GCC_WARN_UNINITIALIZED_AUTOS = YES_AGGRESSIVE;
				GCC_WARN_UNUSED_FUNCTION = YES;
				GCC_WARN_UNUSED_VARIABLE = YES;
				IPHONEOS_DEPLOYMENT_TARGET = 11.4;
				MTL_ENABLE_DEBUG_INFO = YES;
				ONLY_ACTIVE_ARCH = YES;
				SDKROOT = iphoneos;
				SWIFT_ACTIVE_COMPILATION_CONDITIONS = DEBUG;
				SWIFT_OPTIMIZATION_LEVEL = "-Onone";
			};
			name = Debug;
		};
		F5F2B2EA215AE577008018C2 /* Release */ = {
			isa = XCBuildConfiguration;
			buildSettings = {
				ALWAYS_SEARCH_USER_PATHS = NO;
				CLANG_ANALYZER_NONNULL = YES;
				CLANG_ANALYZER_NUMBER_OBJECT_CONVERSION = YES_AGGRESSIVE;
				CLANG_CXX_LANGUAGE_STANDARD = "gnu++14";
				CLANG_CXX_LIBRARY = "libc++";
				CLANG_ENABLE_MODULES = YES;
				CLANG_ENABLE_OBJC_ARC = YES;
				CLANG_ENABLE_OBJC_WEAK = YES;
				CLANG_WARN_BLOCK_CAPTURE_AUTORELEASING = YES;
				CLANG_WARN_BOOL_CONVERSION = YES;
				CLANG_WARN_COMMA = YES;
				CLANG_WARN_CONSTANT_CONVERSION = YES;
				CLANG_WARN_DEPRECATED_OBJC_IMPLEMENTATIONS = YES;
				CLANG_WARN_DIRECT_OBJC_ISA_USAGE = YES_ERROR;
				CLANG_WARN_DOCUMENTATION_COMMENTS = YES;
				CLANG_WARN_EMPTY_BODY = YES;
				CLANG_WARN_ENUM_CONVERSION = YES;
				CLANG_WARN_INFINITE_RECURSION = YES;
				CLANG_WARN_INT_CONVERSION = YES;
				CLANG_WARN_NON_LITERAL_NULL_CONVERSION = YES;
				CLANG_WARN_OBJC_IMPLICIT_RETAIN_SELF = YES;
				CLANG_WARN_OBJC_LITERAL_CONVERSION = YES;
				CLANG_WARN_OBJC_ROOT_CLASS = YES_ERROR;
				CLANG_WARN_RANGE_LOOP_ANALYSIS = YES;
				CLANG_WARN_STRICT_PROTOTYPES = YES;
				CLANG_WARN_SUSPICIOUS_MOVE = YES;
				CLANG_WARN_UNGUARDED_AVAILABILITY = YES_AGGRESSIVE;
				CLANG_WARN_UNREACHABLE_CODE = YES;
				CLANG_WARN__DUPLICATE_METHOD_MATCH = YES;
				CODE_SIGN_IDENTITY = "iPhone Developer";
				COPY_PHASE_STRIP = NO;
				DEBUG_INFORMATION_FORMAT = "dwarf-with-dsym";
				ENABLE_NS_ASSERTIONS = NO;
				ENABLE_STRICT_OBJC_MSGSEND = YES;
				GCC_C_LANGUAGE_STANDARD = gnu11;
				GCC_NO_COMMON_BLOCKS = YES;
				GCC_WARN_64_TO_32_BIT_CONVERSION = YES;
				GCC_WARN_ABOUT_RETURN_TYPE = YES_ERROR;
				GCC_WARN_UNDECLARED_SELECTOR = YES;
				GCC_WARN_UNINITIALIZED_AUTOS = YES_AGGRESSIVE;
				GCC_WARN_UNUSED_FUNCTION = YES;
				GCC_WARN_UNUSED_VARIABLE = YES;
				IPHONEOS_DEPLOYMENT_TARGET = 11.4;
				MTL_ENABLE_DEBUG_INFO = NO;
				SDKROOT = iphoneos;
				SWIFT_COMPILATION_MODE = wholemodule;
				SWIFT_OPTIMIZATION_LEVEL = "-O";
				VALIDATE_PRODUCT = YES;
			};
			name = Release;
		};
		F5F2B2EC215AE577008018C2 /* Debug */ = {
			isa = XCBuildConfiguration;
			baseConfigurationReference = 45500A2220F85AEEFC29526F /* Pods-Flix.debug.xcconfig */;
			buildSettings = {
				ASSETCATALOG_COMPILER_APPICON_NAME = AppIcon;
				CODE_SIGN_STYLE = Automatic;
				INFOPLIST_FILE = Flix/Info.plist;
				LD_RUNPATH_SEARCH_PATHS = (
					"$(inherited)",
					"@executable_path/Frameworks",
				);
				PRODUCT_BUNDLE_IDENTIFIER = com.Arslan.Flix;
				PRODUCT_NAME = "$(TARGET_NAME)";
				SWIFT_VERSION = 4.0;
				TARGETED_DEVICE_FAMILY = "1,2";
			};
			name = Debug;
		};
		F5F2B2ED215AE577008018C2 /* Release */ = {
			isa = XCBuildConfiguration;
			baseConfigurationReference = 090BE4F9AA0E177087A2F57D /* Pods-Flix.release.xcconfig */;
			buildSettings = {
				ASSETCATALOG_COMPILER_APPICON_NAME = AppIcon;
				CODE_SIGN_STYLE = Automatic;
				INFOPLIST_FILE = Flix/Info.plist;
				LD_RUNPATH_SEARCH_PATHS = (
					"$(inherited)",
					"@executable_path/Frameworks",
				);
				PRODUCT_BUNDLE_IDENTIFIER = com.Arslan.Flix;
				PRODUCT_NAME = "$(TARGET_NAME)";
				SWIFT_VERSION = 4.0;
				TARGETED_DEVICE_FAMILY = "1,2";
			};
			name = Release;
		};
		F5F2B2EF215AE577008018C2 /* Debug */ = {
			isa = XCBuildConfiguration;
			baseConfigurationReference = 56A0DAC4B0385D9081915D64 /* Pods-FlixTests.debug.xcconfig */;
			buildSettings = {
				ALWAYS_EMBED_SWIFT_STANDARD_LIBRARIES = YES;
				BUNDLE_LOADER = "$(TEST_HOST)";
				CODE_SIGN_STYLE = Automatic;
				INFOPLIST_FILE = FlixTests/Info.plist;
				LD_RUNPATH_SEARCH_PATHS = (
					"$(inherited)",
					"@executable_path/Frameworks",
					"@loader_path/Frameworks",
				);
				PRODUCT_BUNDLE_IDENTIFIER = com.Arslan.FlixTests;
				PRODUCT_NAME = "$(TARGET_NAME)";
				SWIFT_VERSION = 4.0;
				TARGETED_DEVICE_FAMILY = "1,2";
				TEST_HOST = "$(BUILT_PRODUCTS_DIR)/Flix.app/Flix";
			};
			name = Debug;
		};
		F5F2B2F0215AE577008018C2 /* Release */ = {
			isa = XCBuildConfiguration;
			baseConfigurationReference = 53976F4839DE995354EAF65A /* Pods-FlixTests.release.xcconfig */;
			buildSettings = {
				ALWAYS_EMBED_SWIFT_STANDARD_LIBRARIES = YES;
				BUNDLE_LOADER = "$(TEST_HOST)";
				CODE_SIGN_STYLE = Automatic;
				INFOPLIST_FILE = FlixTests/Info.plist;
				LD_RUNPATH_SEARCH_PATHS = (
					"$(inherited)",
					"@executable_path/Frameworks",
					"@loader_path/Frameworks",
				);
				PRODUCT_BUNDLE_IDENTIFIER = com.Arslan.FlixTests;
				PRODUCT_NAME = "$(TARGET_NAME)";
				SWIFT_VERSION = 4.0;
				TARGETED_DEVICE_FAMILY = "1,2";
				TEST_HOST = "$(BUILT_PRODUCTS_DIR)/Flix.app/Flix";
			};
			name = Release;
		};
		F5F2B2F2215AE577008018C2 /* Debug */ = {
			isa = XCBuildConfiguration;
			baseConfigurationReference = EF9CB937ECC8C86BD9461CAD /* Pods-FlixUITests.debug.xcconfig */;
			buildSettings = {
				ALWAYS_EMBED_SWIFT_STANDARD_LIBRARIES = YES;
				CODE_SIGN_STYLE = Automatic;
				INFOPLIST_FILE = FlixUITests/Info.plist;
				LD_RUNPATH_SEARCH_PATHS = (
					"$(inherited)",
					"@executable_path/Frameworks",
					"@loader_path/Frameworks",
				);
				PRODUCT_BUNDLE_IDENTIFIER = com.Arslan.FlixUITests;
				PRODUCT_NAME = "$(TARGET_NAME)";
				SWIFT_VERSION = 4.0;
				TARGETED_DEVICE_FAMILY = "1,2";
				TEST_TARGET_NAME = Flix;
			};
			name = Debug;
		};
		F5F2B2F3215AE577008018C2 /* Release */ = {
			isa = XCBuildConfiguration;
			baseConfigurationReference = 4CDD2B7DDBE59136C8FCF2AF /* Pods-FlixUITests.release.xcconfig */;
			buildSettings = {
				ALWAYS_EMBED_SWIFT_STANDARD_LIBRARIES = YES;
				CODE_SIGN_STYLE = Automatic;
				INFOPLIST_FILE = FlixUITests/Info.plist;
				LD_RUNPATH_SEARCH_PATHS = (
					"$(inherited)",
					"@executable_path/Frameworks",
					"@loader_path/Frameworks",
				);
				PRODUCT_BUNDLE_IDENTIFIER = com.Arslan.FlixUITests;
				PRODUCT_NAME = "$(TARGET_NAME)";
				SWIFT_VERSION = 4.0;
				TARGETED_DEVICE_FAMILY = "1,2";
				TEST_TARGET_NAME = Flix;
			};
			name = Release;
		};
/* End XCBuildConfiguration section */

/* Begin XCConfigurationList section */
		F5F2B2BE215AE575008018C2 /* Build configuration list for PBXProject "Flix" */ = {
			isa = XCConfigurationList;
			buildConfigurations = (
				F5F2B2E9215AE577008018C2 /* Debug */,
				F5F2B2EA215AE577008018C2 /* Release */,
			);
			defaultConfigurationIsVisible = 0;
			defaultConfigurationName = Release;
		};
		F5F2B2EB215AE577008018C2 /* Build configuration list for PBXNativeTarget "Flix" */ = {
			isa = XCConfigurationList;
			buildConfigurations = (
				F5F2B2EC215AE577008018C2 /* Debug */,
				F5F2B2ED215AE577008018C2 /* Release */,
			);
			defaultConfigurationIsVisible = 0;
			defaultConfigurationName = Release;
		};
		F5F2B2EE215AE577008018C2 /* Build configuration list for PBXNativeTarget "FlixTests" */ = {
			isa = XCConfigurationList;
			buildConfigurations = (
				F5F2B2EF215AE577008018C2 /* Debug */,
				F5F2B2F0215AE577008018C2 /* Release */,
			);
			defaultConfigurationIsVisible = 0;
			defaultConfigurationName = Release;
		};
		F5F2B2F1215AE577008018C2 /* Build configuration list for PBXNativeTarget "FlixUITests" */ = {
			isa = XCConfigurationList;
			buildConfigurations = (
				F5F2B2F2215AE577008018C2 /* Debug */,
				F5F2B2F3215AE577008018C2 /* Release */,
			);
			defaultConfigurationIsVisible = 0;
			defaultConfigurationName = Release;
		};
/* End XCConfigurationList section */
	};
	rootObject = F5F2B2BB215AE575008018C2 /* Project object */;
}
